
Microsoft Visual Studio Solution File, Format Version 12.00
# Visual Studio Version 17
VisualStudioVersion = 17.9.34714.143
MinimumVisualStudioVersion = 10.0.40219.1
Project("{9A19103F-16F7-4668-BE54-9A1E7A4F7556}") = "ChatServer", "ChatServer.csproj", "{FA24802F-3F22-43D7-8181-D93D64499FEB}"
EndProject
Project("{9A19103F-16F7-4668-BE54-9A1E7A4F7556}") = "ChatLib", "..\ChatLib\ChatLib.csproj", "{F5E86806-2432-414C-8359-BBBB4D9131A3}"
EndProject
Global
	GlobalSection(SolutionConfigurationPlatforms) = preSolution
		Debug|Any CPU = Debug|Any CPU
		Release|Any CPU = Release|Any CPU
	EndGlobalSection
	GlobalSection(ProjectConfigurationPlatforms) = postSolution
		{FA24802F-3F22-43D7-8181-D93D64499FEB}.Debug|Any CPU.ActiveCfg = Debug|Any CPU
		{FA24802F-3F22-43D7-8181-D93D64499FEB}.Debug|Any CPU.Build.0 = Debug|Any CPU
		{FA24802F-3F22-43D7-8181-D93D64499FEB}.Release|Any CPU.ActiveCfg = Release|Any CPU
		{FA24802F-3F22-43D7-8181-D93D64499FEB}.Release|Any CPU.Build.0 = Release|Any CPU
		{F5E86806-2432-414C-8359-BBBB4D9131A3}.Debug|Any CPU.ActiveCfg = Debug|Any CPU
		{F5E86806-2432-414C-8359-BBBB4D9131A3}.Debug|Any CPU.Build.0 = Debug|Any CPU
		{F5E86806-2432-414C-8359-BBBB4D9131A3}.Release|Any CPU.ActiveCfg = Release|Any CPU
		{F5E86806-2432-414C-8359-BBBB4D9131A3}.Release|Any CPU.Build.0 = Release|Any CPU
	EndGlobalSection
	GlobalSection(SolutionProperties) = preSolution
		HideSolutionNode = FALSE
	EndGlobalSection
	GlobalSection(ExtensibilityGlobals) = postSolution
		SolutionGuid = {AB5AC3AB-288C-4592-AA42-9E26024E8BEE}
	EndGlobalSection
EndGlobal
