
Microsoft Visual Studio Solution File, Format Version 12.00
# Visual Studio Version 17
VisualStudioVersion = 17.9.34714.143
MinimumVisualStudioVersion = 10.0.40219.1
Project("{FAE04EC0-301F-11D3-BF4B-00C04F79EFBC}") = "ChatClient1", "ChatClient1.csproj", "{92654B41-3466-46FD-A4A9-6A395B668E23}"
EndProject
Project("{9A19103F-16F7-4668-BE54-9A1E7A4F7556}") = "ChatLib", "..\ChatLib\ChatLib.csproj", "{0FE16B71-3A11-4DFB-ADB2-D16B869BE5DE}"
EndProject
Global
	GlobalSection(SolutionConfigurationPlatforms) = preSolution
		Debug|Any CPU = Debug|Any CPU
		Release|Any CPU = Release|Any CPU
	EndGlobalSection
	GlobalSection(ProjectConfigurationPlatforms) = postSolution
		{92654B41-3466-46FD-A4A9-6A395B668E23}.Debug|Any CPU.ActiveCfg = Debug|Any CPU
		{92654B41-3466-46FD-A4A9-6A395B668E23}.Debug|Any CPU.Build.0 = Debug|Any CPU
		{92654B41-3466-46FD-A4A9-6A395B668E23}.Release|Any CPU.ActiveCfg = Release|Any CPU
		{92654B41-3466-46FD-A4A9-6A395B668E23}.Release|Any CPU.Build.0 = Release|Any CPU
		{0FE16B71-3A11-4DFB-ADB2-D16B869BE5DE}.Debug|Any CPU.ActiveCfg = Debug|Any CPU
		{0FE16B71-3A11-4DFB-ADB2-D16B869BE5DE}.Debug|Any CPU.Build.0 = Debug|Any CPU
		{0FE16B71-3A11-4DFB-ADB2-D16B869BE5DE}.Release|Any CPU.ActiveCfg = Release|Any CPU
		{0FE16B71-3A11-4DFB-ADB2-D16B869BE5DE}.Release|Any CPU.Build.0 = Release|Any CPU
	EndGlobalSection
	GlobalSection(SolutionProperties) = preSolution
		HideSolutionNode = FALSE
	EndGlobalSection
	GlobalSection(ExtensibilityGlobals) = postSolution
		SolutionGuid = {7C65F010-9873-4F5A-98CA-7AA809E81787}
	EndGlobalSection
EndGlobal
